{
  "version": 4,
  "terraform_version": "0.12.24",
  "serial": 2,
  "lineage": "e21b5400-abad-8c14-eb69-0189fb835942",
  "outputs": {
    "rand_string": {
      "value": "P1NBG/7V0UO/nprF",
      "type": "string"
    }
  },
  "resources": [
    {
      "mode": "managed",
      "type": "random_string",
      "name": "random",
      "provider": "provider.random",
      "instances": [
        {
          "schema_version": 1,
          "attributes": {
            "id": "P1NBG/7V0UO/nprF",
            "keepers": null,
            "length": 16,
            "lower": true,
            "min_lower": 0,
            "min_numeric": 0,
            "min_special": 0,
            "min_upper": 0,
            "number": true,
            "override_special": "/@£$",
            "result": "P1NBG/7V0UO/nprF",
            "special": true,
            "upper": true
          },
          "private": "eyJzY2hlbWFfdmVyc2lvbiI6IjEifQ=="
        }
      ]
    }
  ]
}
